
Microsoft Visual Studio Solution File, Format Version 12.00
# Visual Studio Version 17
VisualStudioVersion = 17.0.31903.59
MinimumVisualStudioVersion = 10.0.40219.1
Project("{9A19103F-16F7-4668-BE54-9A1E7A4F7556}") = "KiedyEmisja1z10", "KiedyEmisja1z10\KiedyEmisja1z10.csproj", "{E3867679-BF86-451C-9954-B907CDC03046}"
EndProject
Project("{9A19103F-16F7-4668-BE54-9A1E7A4F7556}") = "KiedyEmisja1z10.Tests", "KiedyEmisja1z10.Tests\KiedyEmisja1z10.Tests.csproj", "{45306E04-8499-472D-AF97-59AFD7A13204}"
EndProject
Project("{2150E333-8FDC-42A3-9474-1A3956D46DE8}") = "Solution Items", "Solution Items", "{796C980B-C701-454F-8602-5A22264C7BA8}"
	ProjectSection(SolutionItems) = preProject
		.editorconfig = .editorconfig
	EndProjectSection
EndProject
Global
	GlobalSection(SolutionConfigurationPlatforms) = preSolution
		Debug|Any CPU = Debug|Any CPU
		Release|Any CPU = Release|Any CPU
	EndGlobalSection
	GlobalSection(ProjectConfigurationPlatforms) = postSolution
		{E3867679-BF86-451C-9954-B907CDC03046}.Debug|Any CPU.ActiveCfg = Debug|Any CPU
		{E3867679-BF86-451C-9954-B907CDC03046}.Debug|Any CPU.Build.0 = Debug|Any CPU
		{E3867679-BF86-451C-9954-B907CDC03046}.Release|Any CPU.ActiveCfg = Release|Any CPU
		{E3867679-BF86-451C-9954-B907CDC03046}.Release|Any CPU.Build.0 = Release|Any CPU
		{45306E04-8499-472D-AF97-59AFD7A13204}.Debug|Any CPU.ActiveCfg = Debug|Any CPU
		{45306E04-8499-472D-AF97-59AFD7A13204}.Debug|Any CPU.Build.0 = Debug|Any CPU
		{45306E04-8499-472D-AF97-59AFD7A13204}.Release|Any CPU.ActiveCfg = Release|Any CPU
		{45306E04-8499-472D-AF97-59AFD7A13204}.Release|Any CPU.Build.0 = Release|Any CPU
	EndGlobalSection
	GlobalSection(SolutionProperties) = preSolution
		HideSolutionNode = FALSE
	EndGlobalSection
	GlobalSection(ExtensibilityGlobals) = postSolution
		SolutionGuid = {29D63E44-CA50-46A4-A85A-E570C21D6461}
	EndGlobalSection
EndGlobal
